<?xml version="1.0" encoding="UTF-8"?>
<CONFIG>
  <ProjectOptions>
    <Version Value="12"/>
    <PathDelim Value="\"/>
    <General>
      <Flags>
        <LRSInOutputDirectory Value="False"/>
        <CompatibilityMode Value="True"/>
      </Flags>
      <Title Value="ELEcro"/>
      <Scaled Value="True"/>
      <Icon Value="0"/>
    </General>
    <BuildModes Count="1">
      <Item1 Name="default" Default="True"/>
      <SharedMatrixOptions Count="1">
        <Item1 ID="791768317385" Type="IDEMacro" MacroName="LCLWidgetType" Value="cocoa"/>
      </SharedMatrixOptions>
    </BuildModes>
    <PublishOptions>
      <Version Value="2"/>
    </PublishOptions>
    <RunParams>
      <local>
        <LaunchingApplication PathPlusParams="\usr\X11R6\bin\xterm -T &apos;Lazarus Run Output&apos; -e $(LazarusDir)\tools\runwait.sh $(TargetCmdLine)"/>
      </local>
      <FormatVersion Value="2"/>
      <Modes Count="1">
        <Mode0 Name="default">
          <local>
            <LaunchingApplication PathPlusParams="\usr\X11R6\bin\xterm -T &apos;Lazarus Run Output&apos; -e $(LazarusDir)\tools\runwait.sh $(TargetCmdLine)"/>
          </local>
        </Mode0>
      </Modes>
    </RunParams>
    <RequiredPackages Count="1">
      <Item1>
        <PackageName Value="LCL"/>
      </Item1>
    </RequiredPackages>
    <Units Count="29">
      <Unit0>
        <Filename Value="ELEcro.lpr"/>
        <IsPartOfProject Value="True"/>
        <CursorPos Y="9"/>
        <UsageCount Value="40"/>
        <Loaded Value="True"/>
        <LoadedDesigner Value="True"/>
      </Unit0>
      <Unit1>
        <Filename Value="eegmain.pas"/>
        <IsPartOfProject Value="True"/>
        <ComponentName Value="MainForm"/>
        <HasResources Value="True"/>
        <ResourceBaseClass Value="Form"/>
        <UnitName Value="EEGMain"/>
        <IsVisibleTab Value="True"/>
        <EditorIndex Value="1"/>
        <TopLine Value="1222"/>
        <CursorPos X="35" Y="1236"/>
        <UsageCount Value="24"/>
        <Loaded Value="True"/>
        <LoadedDesigner Value="True"/>
      </Unit1>
      <Unit2>
        <Filename Value="EEGData.pas"/>
        <CursorPos X="101" Y="6"/>
        <UsageCount Value="11"/>
      </Unit2>
      <Unit3>
        <Filename Value="units\Streams.pas"/>
        <TopLine Value="349"/>
        <CursorPos X="64" Y="366"/>
        <UsageCount Value="10"/>
      </Unit3>
      <Unit4>
        <Filename Value="units\BufStream.pas"/>
        <TopLine Value="183"/>
        <CursorPos X="9" Y="206"/>
        <UsageCount Value="10"/>
      </Unit4>
      <Unit5>
        <Filename Value="units\MemUtils.pas"/>
        <TopLine Value="144"/>
        <CursorPos X="19" Y="66"/>
        <UsageCount Value="10"/>
      </Unit5>
      <Unit6>
        <Filename Value="eeg_type.pas"/>
        <EditorIndex Value="-1"/>
        <TopLine Value="8"/>
        <CursorPos X="16" Y="9"/>
        <UsageCount Value="15"/>
      </Unit6>
      <Unit7>
        <Filename Value="..\..\..\lazarus\lcl\lclproc.pas"/>
        <UnitName Value="LCLProc"/>
        <TopLine Value="1487"/>
        <CursorPos X="19" Y="1495"/>
        <UsageCount Value="10"/>
      </Unit7>
      <Unit8>
        <Filename Value="eegmain.lrs"/>
        <TopLine Value="59"/>
        <CursorPos Y="74"/>
        <UsageCount Value="14"/>
      </Unit8>
      <Unit9>
        <Filename Value="Prefs.pas"/>
        <EditorIndex Value="3"/>
        <TopLine Value="20"/>
        <CursorPos X="31" Y="54"/>
        <UsageCount Value="15"/>
        <Loaded Value="True"/>
      </Unit9>
      <Unit10>
        <Filename Value="userdir.pas"/>
        <IsPartOfProject Value="True"/>
        <EditorIndex Value="-1"/>
        <CursorPos Y="15"/>
        <UsageCount Value="30"/>
      </Unit10>
      <Unit11>
        <Filename Value="format_all.pas"/>
        <CursorPos X="21" Y="18"/>
        <UsageCount Value="14"/>
      </Unit11>
      <Unit12>
        <Filename Value="format_tms32.pas"/>
        <EditorIndex Value="-1"/>
        <CursorPos X="43" Y="5"/>
        <UsageCount Value="14"/>
      </Unit12>
      <Unit13>
        <Filename Value="eeg_filter.pas"/>
        <TopLine Value="7"/>
        <CursorPos Y="9"/>
        <UsageCount Value="14"/>
      </Unit13>
      <Unit14>
        <Filename Value=""/>
        <UsageCount Value="10"/>
        <DefaultSyntaxHighlighter Value="None"/>
      </Unit14>
      <Unit15>
        <Filename Value="ave_form.pas"/>
        <IsPartOfProject Value="True"/>
        <ComponentName Value="AverageForm"/>
        <HasResources Value="True"/>
        <ResourceBaseClass Value="Form"/>
        <EditorIndex Value="2"/>
        <TopLine Value="12"/>
        <CursorPos X="7" Y="34"/>
        <UsageCount Value="24"/>
        <Loaded Value="True"/>
      </Unit15>
      <Unit16>
        <Filename Value="ave_form.lrs"/>
        <TopLine Value="12"/>
        <CursorPos Y="36"/>
        <UsageCount Value="10"/>
      </Unit16>
      <Unit17>
        <Filename Value="filter_form.lfm"/>
        <CursorPos X="42" Y="2"/>
        <UsageCount Value="21"/>
        <DefaultSyntaxHighlighter Value="LFM"/>
      </Unit17>
      <Unit18>
        <Filename Value="filter_form.pas"/>
        <ComponentName Value="FilterForm"/>
        <HasResources Value="True"/>
        <ResourceBaseClass Value="Form"/>
        <EditorIndex Value="-1"/>
        <TopLine Value="63"/>
        <CursorPos X="6" Y="80"/>
        <UsageCount Value="11"/>
      </Unit18>
      <Unit19>
        <Filename Value="filter_form.lrs"/>
        <EditorIndex Value="-1"/>
        <CursorPos Y="33"/>
        <UsageCount Value="10"/>
      </Unit19>
      <Unit20>
        <Filename Value="filter_rbj.pas"/>
        <EditorIndex Value="-1"/>
        <TopLine Value="5"/>
        <CursorPos X="45" Y="13"/>
        <UsageCount Value="10"/>
      </Unit20>
      <Unit21>
        <Filename Value="about_form.pas"/>
        <ComponentName Value="AboutForm"/>
        <HasResources Value="True"/>
        <ResourceBaseClass Value="Form"/>
        <EditorIndex Value="-1"/>
        <TopLine Value="21"/>
        <CursorPos Y="33"/>
        <UsageCount Value="11"/>
      </Unit21>
      <Unit22>
        <Filename Value="about_form.lrs"/>
        <EditorIndex Value="-1"/>
        <CursorPos X="47"/>
        <UsageCount Value="10"/>
      </Unit22>
      <Unit23>
        <Filename Value="format_vhdr.pas"/>
        <EditorIndex Value="-1"/>
        <TopLine Value="13"/>
        <CursorPos X="16" Y="24"/>
        <UsageCount Value="11"/>
      </Unit23>
      <Unit24>
        <Filename Value="tool_sound.pas"/>
        <EditorIndex Value="-1"/>
        <TopLine Value="10"/>
        <CursorPos Y="14"/>
        <UsageCount Value="11"/>
      </Unit24>
      <Unit25>
        <Filename Value="util_vmrk.pas"/>
        <EditorIndex Value="4"/>
        <TopLine Value="49"/>
        <CursorPos X="29" Y="60"/>
        <UsageCount Value="12"/>
        <Loaded Value="True"/>
      </Unit25>
      <Unit26>
        <Filename Value="format_vmrk.pas"/>
        <EditorIndex Value="5"/>
        <TopLine Value="3"/>
        <CursorPos X="46" Y="3"/>
        <UsageCount Value="12"/>
        <Loaded Value="True"/>
      </Unit26>
      <Unit27>
        <Filename Value="..\lazarus\lcl\include\menuitem.inc"/>
        <EditorIndex Value="-1"/>
        <TopLine Value="1169"/>
        <CursorPos Y="1186"/>
        <UsageCount Value="11"/>
      </Unit27>
      <Unit28>
        <Filename Value="trigger_form.pas"/>
        <IsPartOfProject Value="True"/>
        <ComponentName Value="Trigger2EventsForm"/>
        <HasResources Value="True"/>
        <ResourceBaseClass Value="Form"/>
        <EditorIndex Value="-1"/>
        <CursorPos X="55" Y="52"/>
        <UsageCount Value="23"/>
      </Unit28>
    </Units>
    <JumpHistory Count="30" HistoryIndex="29">
      <Position1>
        <Filename Value="ave_form.pas"/>
        <Caret Line="48" Column="17" TopLine="41"/>
      </Position1>
      <Position2>
        <Filename Value="ave_form.pas"/>
        <Caret Line="49" Column="17" TopLine="42"/>
      </Position2>
      <Position3>
        <Filename Value="ave_form.pas"/>
        <Caret Line="48" Column="17" TopLine="41"/>
      </Position3>
      <Position4>
        <Filename Value="ave_form.pas"/>
        <Caret Line="49" Column="17" TopLine="42"/>
      </Position4>
      <Position5>
        <Filename Value="ave_form.pas"/>
        <Caret Line="48" Column="17" TopLine="41"/>
      </Position5>
      <Position6>
        <Filename Value="ave_form.pas"/>
        <Caret Line="49" Column="17" TopLine="42"/>
      </Position6>
      <Position7>
        <Filename Value="ave_form.pas"/>
        <Caret Line="50" Column="17" TopLine="43"/>
      </Position7>
      <Position8>
        <Filename Value="ave_form.pas"/>
        <Caret Line="49" Column="17" TopLine="42"/>
      </Position8>
      <Position9>
        <Filename Value="ave_form.pas"/>
        <Caret Line="48" Column="17" TopLine="41"/>
      </Position9>
      <Position10>
        <Filename Value="ave_form.pas"/>
        <Caret Line="47" Column="17" TopLine="40"/>
      </Position10>
      <Position11>
        <Filename Value="ave_form.pas"/>
        <Caret Line="46" Column="17" TopLine="39"/>
      </Position11>
      <Position12>
        <Filename Value="ave_form.pas"/>
        <Caret Line="62" Column="27" TopLine="38"/>
      </Position12>
      <Position13>
        <Filename Value="ave_form.pas"/>
        <Caret Line="64" Column="35" TopLine="39"/>
      </Position13>
      <Position14>
        <Filename Value="ave_form.pas"/>
        <Caret Line="34" Column="7" TopLine="12"/>
      </Position14>
      <Position15>
        <Filename Value="eegmain.pas"/>
        <Caret Line="1219" Column="16" TopLine="1202"/>
      </Position15>
      <Position16>
        <Filename Value="eegmain.pas"/>
        <Caret Line="1226" Column="18" TopLine="1203"/>
      </Position16>
      <Position17>
        <Filename Value="eegmain.pas"/>
        <Caret Line="42" Column="30" TopLine="36"/>
      </Position17>
      <Position18>
        <Filename Value="eegmain.pas"/>
        <Caret Line="163" Column="38" TopLine="155"/>
      </Position18>
      <Position19>
        <Filename Value="eegmain.pas"/>
        <Caret Line="195" Column="43" TopLine="187"/>
      </Position19>
      <Position20>
        <Filename Value="eegmain.pas"/>
        <Caret Line="817" Column="21" TopLine="784"/>
      </Position20>
      <Position21>
        <Filename Value="eegmain.pas"/>
        <Caret Column="4"/>
      </Position21>
      <Position22>
        <Filename Value="eegmain.pas"/>
        <Caret Line="1238" Column="17" TopLine="1217"/>
      </Position22>
      <Position23>
        <Filename Value="eegmain.pas"/>
        <Caret Line="1236" Column="21" TopLine="1219"/>
      </Position23>
      <Position24>
        <Filename Value="eegmain.pas"/>
        <Caret Line="1238" Column="16" TopLine="1224"/>
      </Position24>
      <Position25>
        <Filename Value="eegmain.pas"/>
        <Caret Line="1239" Column="2" TopLine="1216"/>
      </Position25>
      <Position26>
        <Filename Value="eegmain.pas"/>
        <Caret Line="511" Column="13" TopLine="508"/>
      </Position26>
      <Position27>
        <Filename Value="eegmain.pas"/>
        <Caret Line="3" Column="80"/>
      </Position27>
      <Position28>
        <Filename Value="eegmain.pas"/>
        <Caret Line="128" Column="23" TopLine="100"/>
      </Position28>
      <Position29>
        <Filename Value="eegmain.pas"/>
        <Caret Line="214" Column="15" TopLine="186"/>
      </Position29>
      <Position30>
        <Filename Value="eegmain.pas"/>
        <Caret Line="473" Column="53" TopLine="455"/>
      </Position30>
    </JumpHistory>
  </ProjectOptions>
  <CompilerOptions>
    <Version Value="11"/>
    <PathDelim Value="\"/>
    <SearchPaths>
      <OtherUnitFiles Value="units"/>
    </SearchPaths>
    <Parsing>
      <SyntaxOptions>
        <UseAnsiStrings Value="False"/>
      </SyntaxOptions>
    </Parsing>
    <Linking>
      <Debugging>
        <DebugInfoType Value="dsDwarf2Set"/>
      </Debugging>
      <LinkSmart Value="True"/>
      <Options>
        <Win32>
          <GraphicApplication Value="True"/>
        </Win32>
      </Options>
    </Linking>
  </CompilerOptions>
  <Debugging>
    <Exceptions Count="2">
      <Item1>
        <Name Value="ECodetoolError"/>
      </Item1>
      <Item2>
        <Name Value="EFOpenError"/>
      </Item2>
    </Exceptions>
  </Debugging>
</CONFIG>
